
Microsoft Visual Studio Solution File, Format Version 12.00
# Visual Studio Version 16
VisualStudioVersion = 16.0.30717.126
MinimumVisualStudioVersion = 10.0.40219.1
Project("{FAE04EC0-301F-11D3-BF4B-00C04F79EFBC}") = "Alphabet", "Alphabet\Alphabet.csproj", "{915F0553-7F94-43D8-809A-9F9A10BD8B66}"
EndProject
Global
	GlobalSection(SolutionConfigurationPlatforms) = preSolution
		Debug|Any CPU = Debug|Any CPU
		Release|Any CPU = Release|Any CPU
	EndGlobalSection
	GlobalSection(ProjectConfigurationPlatforms) = postSolution
		{915F0553-7F94-43D8-809A-9F9A10BD8B66}.Debug|Any CPU.ActiveCfg = Debug|Any CPU
		{915F0553-7F94-43D8-809A-9F9A10BD8B66}.Debug|Any CPU.Build.0 = Debug|Any CPU
		{915F0553-7F94-43D8-809A-9F9A10BD8B66}.Release|Any CPU.ActiveCfg = Release|Any CPU
		{915F0553-7F94-43D8-809A-9F9A10BD8B66}.Release|Any CPU.Build.0 = Release|Any CPU
	EndGlobalSection
	GlobalSection(SolutionProperties) = preSolution
		HideSolutionNode = FALSE
	EndGlobalSection
	GlobalSection(ExtensibilityGlobals) = postSolution
		SolutionGuid = {E5D3E1C5-F3BE-4DF7-8FB6-2CE7B0477B98}
	EndGlobalSection
EndGlobal
